
Microsoft Visual Studio Solution File, Format Version 12.00
# Visual Studio 15
VisualStudioVersion = 15.0.28010.2026
MinimumVisualStudioVersion = 10.0.40219.1
Project("{FAE04EC0-301F-11D3-BF4B-00C04F79EFBC}") = "XamarinAppcenter.Android", "XamarinAppcenter\XamarinAppcenter.Android\XamarinAppcenter.Android.csproj", "{24CE3C36-16B9-426D-AA0C-5961ECF8D88C}"
EndProject
Project("{FAE04EC0-301F-11D3-BF4B-00C04F79EFBC}") = "XamarinAppcenter.iOS", "XamarinAppcenter\XamarinAppcenter.iOS\XamarinAppcenter.iOS.csproj", "{2A4BF76C-4A99-445E-8E40-47230A31B8AF}"
EndProject
Project("{FAE04EC0-301F-11D3-BF4B-00C04F79EFBC}") = "XamarinAppcenter.UWP", "XamarinAppcenter\XamarinAppcenter.UWP\XamarinAppcenter.UWP.csproj", "{BFE2122F-AF72-41EC-BD49-BAC31038AF2C}"
EndProject
Project("{FAE04EC0-301F-11D3-BF4B-00C04F79EFBC}") = "XamarinAppcenter", "XamarinAppcenter\XamarinAppcenter\XamarinAppcenter.csproj", "{D56B6B0D-5B61-4DD7-AF9F-68C793D121E6}"
EndProject
Global
	GlobalSection(SolutionConfigurationPlatforms) = preSolution
		Debug|Any CPU = Debug|Any CPU
		Debug|ARM = Debug|ARM
		Debug|iPhone = Debug|iPhone
		Debug|iPhoneSimulator = Debug|iPhoneSimulator
		Debug|x64 = Debug|x64
		Debug|x86 = Debug|x86
		Release|Any CPU = Release|Any CPU
		Release|ARM = Release|ARM
		Release|iPhone = Release|iPhone
		Release|iPhoneSimulator = Release|iPhoneSimulator
		Release|x64 = Release|x64
		Release|x86 = Release|x86
	EndGlobalSection
	GlobalSection(ProjectConfigurationPlatforms) = postSolution
		{24CE3C36-16B9-426D-AA0C-5961ECF8D88C}.Debug|Any CPU.ActiveCfg = Debug|Any CPU
		{24CE3C36-16B9-426D-AA0C-5961ECF8D88C}.Debug|Any CPU.Build.0 = Debug|Any CPU
		{24CE3C36-16B9-426D-AA0C-5961ECF8D88C}.Debug|Any CPU.Deploy.0 = Debug|Any CPU
		{24CE3C36-16B9-426D-AA0C-5961ECF8D88C}.Debug|ARM.ActiveCfg = Debug|Any CPU
		{24CE3C36-16B9-426D-AA0C-5961ECF8D88C}.Debug|ARM.Build.0 = Debug|Any CPU
		{24CE3C36-16B9-426D-AA0C-5961ECF8D88C}.Debug|ARM.Deploy.0 = Debug|Any CPU
		{24CE3C36-16B9-426D-AA0C-5961ECF8D88C}.Debug|iPhone.ActiveCfg = Debug|Any CPU
		{24CE3C36-16B9-426D-AA0C-5961ECF8D88C}.Debug|iPhone.Build.0 = Debug|Any CPU
		{24CE3C36-16B9-426D-AA0C-5961ECF8D88C}.Debug|iPhone.Deploy.0 = Debug|Any CPU
		{24CE3C36-16B9-426D-AA0C-5961ECF8D88C}.Debug|iPhoneSimulator.ActiveCfg = Debug|Any CPU
		{24CE3C36-16B9-426D-AA0C-5961ECF8D88C}.Debug|iPhoneSimulator.Build.0 = Debug|Any CPU
		{24CE3C36-16B9-426D-AA0C-5961ECF8D88C}.Debug|iPhoneSimulator.Deploy.0 = Debug|Any CPU
		{24CE3C36-16B9-426D-AA0C-5961ECF8D88C}.Debug|x64.ActiveCfg = Debug|Any CPU
		{24CE3C36-16B9-426D-AA0C-5961ECF8D88C}.Debug|x64.Build.0 = Debug|Any CPU
		{24CE3C36-16B9-426D-AA0C-5961ECF8D88C}.Debug|x64.Deploy.0 = Debug|Any CPU
		{24CE3C36-16B9-426D-AA0C-5961ECF8D88C}.Debug|x86.ActiveCfg = Debug|Any CPU
		{24CE3C36-16B9-426D-AA0C-5961ECF8D88C}.Debug|x86.Build.0 = Debug|Any CPU
		{24CE3C36-16B9-426D-AA0C-5961ECF8D88C}.Debug|x86.Deploy.0 = Debug|Any CPU
		{24CE3C36-16B9-426D-AA0C-5961ECF8D88C}.Release|Any CPU.ActiveCfg = Release|Any CPU
		{24CE3C36-16B9-426D-AA0C-5961ECF8D88C}.Release|Any CPU.Build.0 = Release|Any CPU
		{24CE3C36-16B9-426D-AA0C-5961ECF8D88C}.Release|Any CPU.Deploy.0 = Release|Any CPU
		{24CE3C36-16B9-426D-AA0C-5961ECF8D88C}.Release|ARM.ActiveCfg = Release|Any CPU
		{24CE3C36-16B9-426D-AA0C-5961ECF8D88C}.Release|ARM.Build.0 = Release|Any CPU
		{24CE3C36-16B9-426D-AA0C-5961ECF8D88C}.Release|ARM.Deploy.0 = Release|Any CPU
		{24CE3C36-16B9-426D-AA0C-5961ECF8D88C}.Release|iPhone.ActiveCfg = Release|Any CPU
		{24CE3C36-16B9-426D-AA0C-5961ECF8D88C}.Release|iPhone.Build.0 = Release|Any CPU
		{24CE3C36-16B9-426D-AA0C-5961ECF8D88C}.Release|iPhone.Deploy.0 = Release|Any CPU
		{24CE3C36-16B9-426D-AA0C-5961ECF8D88C}.Release|iPhoneSimulator.ActiveCfg = Release|Any CPU
		{24CE3C36-16B9-426D-AA0C-5961ECF8D88C}.Release|iPhoneSimulator.Build.0 = Release|Any CPU
		{24CE3C36-16B9-426D-AA0C-5961ECF8D88C}.Release|iPhoneSimulator.Deploy.0 = Release|Any CPU
		{24CE3C36-16B9-426D-AA0C-5961ECF8D88C}.Release|x64.ActiveCfg = Release|Any CPU
		{24CE3C36-16B9-426D-AA0C-5961ECF8D88C}.Release|x64.Build.0 = Release|Any CPU
		{24CE3C36-16B9-426D-AA0C-5961ECF8D88C}.Release|x64.Deploy.0 = Release|Any CPU
		{24CE3C36-16B9-426D-AA0C-5961ECF8D88C}.Release|x86.ActiveCfg = Release|Any CPU
		{24CE3C36-16B9-426D-AA0C-5961ECF8D88C}.Release|x86.Build.0 = Release|Any CPU
		{24CE3C36-16B9-426D-AA0C-5961ECF8D88C}.Release|x86.Deploy.0 = Release|Any CPU
		{2A4BF76C-4A99-445E-8E40-47230A31B8AF}.Debug|Any CPU.ActiveCfg = Debug|iPhoneSimulator
		{2A4BF76C-4A99-445E-8E40-47230A31B8AF}.Debug|Any CPU.Build.0 = Debug|iPhoneSimulator
		{2A4BF76C-4A99-445E-8E40-47230A31B8AF}.Debug|Any CPU.Deploy.0 = Debug|iPhoneSimulator
		{2A4BF76C-4A99-445E-8E40-47230A31B8AF}.Debug|ARM.ActiveCfg = Debug|iPhone
		{2A4BF76C-4A99-445E-8E40-47230A31B8AF}.Debug|ARM.Build.0 = Debug|iPhone
		{2A4BF76C-4A99-445E-8E40-47230A31B8AF}.Debug|ARM.Deploy.0 = Debug|iPhone
		{2A4BF76C-4A99-445E-8E40-47230A31B8AF}.Debug|iPhone.ActiveCfg = Debug|iPhone
		{2A4BF76C-4A99-445E-8E40-47230A31B8AF}.Debug|iPhone.Build.0 = Debug|iPhone
		{2A4BF76C-4A99-445E-8E40-47230A31B8AF}.Debug|iPhone.Deploy.0 = Debug|iPhone
		{2A4BF76C-4A99-445E-8E40-47230A31B8AF}.Debug|iPhoneSimulator.ActiveCfg = Debug|iPhoneSimulator
		{2A4BF76C-4A99-445E-8E40-47230A31B8AF}.Debug|iPhoneSimulator.Build.0 = Debug|iPhoneSimulator
		{2A4BF76C-4A99-445E-8E40-47230A31B8AF}.Debug|iPhoneSimulator.Deploy.0 = Debug|iPhoneSimulator
		{2A4BF76C-4A99-445E-8E40-47230A31B8AF}.Debug|x64.ActiveCfg = Debug|iPhone
		{2A4BF76C-4A99-445E-8E40-47230A31B8AF}.Debug|x64.Build.0 = Debug|iPhone
		{2A4BF76C-4A99-445E-8E40-47230A31B8AF}.Debug|x64.Deploy.0 = Debug|iPhone
		{2A4BF76C-4A99-445E-8E40-47230A31B8AF}.Debug|x86.ActiveCfg = Debug|iPhone
		{2A4BF76C-4A99-445E-8E40-47230A31B8AF}.Debug|x86.Build.0 = Debug|iPhone
		{2A4BF76C-4A99-445E-8E40-47230A31B8AF}.Debug|x86.Deploy.0 = Debug|iPhone
		{2A4BF76C-4A99-445E-8E40-47230A31B8AF}.Release|Any CPU.ActiveCfg = Release|iPhone
		{2A4BF76C-4A99-445E-8E40-47230A31B8AF}.Release|Any CPU.Build.0 = Release|iPhone
		{2A4BF76C-4A99-445E-8E40-47230A31B8AF}.Release|Any CPU.Deploy.0 = Release|iPhone
		{2A4BF76C-4A99-445E-8E40-47230A31B8AF}.Release|ARM.ActiveCfg = Release|iPhone
		{2A4BF76C-4A99-445E-8E40-47230A31B8AF}.Release|ARM.Build.0 = Release|iPhone
		{2A4BF76C-4A99-445E-8E40-47230A31B8AF}.Release|ARM.Deploy.0 = Release|iPhone
		{2A4BF76C-4A99-445E-8E40-47230A31B8AF}.Release|iPhone.ActiveCfg = Release|iPhone
		{2A4BF76C-4A99-445E-8E40-47230A31B8AF}.Release|iPhone.Build.0 = Release|iPhone
		{2A4BF76C-4A99-445E-8E40-47230A31B8AF}.Release|iPhone.Deploy.0 = Release|iPhone
		{2A4BF76C-4A99-445E-8E40-47230A31B8AF}.Release|iPhoneSimulator.ActiveCfg = Release|iPhoneSimulator
		{2A4BF76C-4A99-445E-8E40-47230A31B8AF}.Release|iPhoneSimulator.Build.0 = Release|iPhoneSimulator
		{2A4BF76C-4A99-445E-8E40-47230A31B8AF}.Release|iPhoneSimulator.Deploy.0 = Release|iPhoneSimulator
		{2A4BF76C-4A99-445E-8E40-47230A31B8AF}.Release|x64.ActiveCfg = Release|iPhone
		{2A4BF76C-4A99-445E-8E40-47230A31B8AF}.Release|x64.Build.0 = Release|iPhone
		{2A4BF76C-4A99-445E-8E40-47230A31B8AF}.Release|x64.Deploy.0 = Release|iPhone
		{2A4BF76C-4A99-445E-8E40-47230A31B8AF}.Release|x86.ActiveCfg = Release|iPhone
		{2A4BF76C-4A99-445E-8E40-47230A31B8AF}.Release|x86.Build.0 = Release|iPhone
		{2A4BF76C-4A99-445E-8E40-47230A31B8AF}.Release|x86.Deploy.0 = Release|iPhone
		{BFE2122F-AF72-41EC-BD49-BAC31038AF2C}.Debug|Any CPU.ActiveCfg = Debug|x86
		{BFE2122F-AF72-41EC-BD49-BAC31038AF2C}.Debug|Any CPU.Build.0 = Debug|x86
		{BFE2122F-AF72-41EC-BD49-BAC31038AF2C}.Debug|Any CPU.Deploy.0 = Debug|x86
		{BFE2122F-AF72-41EC-BD49-BAC31038AF2C}.Debug|ARM.ActiveCfg = Debug|ARM
		{BFE2122F-AF72-41EC-BD49-BAC31038AF2C}.Debug|ARM.Build.0 = Debug|ARM
		{BFE2122F-AF72-41EC-BD49-BAC31038AF2C}.Debug|ARM.Deploy.0 = Debug|ARM
		{BFE2122F-AF72-41EC-BD49-BAC31038AF2C}.Debug|iPhone.ActiveCfg = Debug|x86
		{BFE2122F-AF72-41EC-BD49-BAC31038AF2C}.Debug|iPhone.Build.0 = Debug|x86
		{BFE2122F-AF72-41EC-BD49-BAC31038AF2C}.Debug|iPhone.Deploy.0 = Debug|x86
		{BFE2122F-AF72-41EC-BD49-BAC31038AF2C}.Debug|iPhoneSimulator.ActiveCfg = Debug|x86
		{BFE2122F-AF72-41EC-BD49-BAC31038AF2C}.Debug|iPhoneSimulator.Build.0 = Debug|x86
		{BFE2122F-AF72-41EC-BD49-BAC31038AF2C}.Debug|iPhoneSimulator.Deploy.0 = Debug|x86
		{BFE2122F-AF72-41EC-BD49-BAC31038AF2C}.Debug|x64.ActiveCfg = Debug|x64
		{BFE2122F-AF72-41EC-BD49-BAC31038AF2C}.Debug|x64.Build.0 = Debug|x64
		{BFE2122F-AF72-41EC-BD49-BAC31038AF2C}.Debug|x64.Deploy.0 = Debug|x64
		{BFE2122F-AF72-41EC-BD49-BAC31038AF2C}.Debug|x86.ActiveCfg = Debug|x86
		{BFE2122F-AF72-41EC-BD49-BAC31038AF2C}.Debug|x86.Build.0 = Debug|x86
		{BFE2122F-AF72-41EC-BD49-BAC31038AF2C}.Debug|x86.Deploy.0 = Debug|x86
		{BFE2122F-AF72-41EC-BD49-BAC31038AF2C}.Release|Any CPU.ActiveCfg = Release|x86
		{BFE2122F-AF72-41EC-BD49-BAC31038AF2C}.Release|Any CPU.Build.0 = Release|x86
		{BFE2122F-AF72-41EC-BD49-BAC31038AF2C}.Release|Any CPU.Deploy.0 = Release|x86
		{BFE2122F-AF72-41EC-BD49-BAC31038AF2C}.Release|ARM.ActiveCfg = Release|ARM
		{BFE2122F-AF72-41EC-BD49-BAC31038AF2C}.Release|ARM.Build.0 = Release|ARM
		{BFE2122F-AF72-41EC-BD49-BAC31038AF2C}.Release|ARM.Deploy.0 = Release|ARM
		{BFE2122F-AF72-41EC-BD49-BAC31038AF2C}.Release|iPhone.ActiveCfg = Release|x86
		{BFE2122F-AF72-41EC-BD49-BAC31038AF2C}.Release|iPhone.Build.0 = Release|x86
		{BFE2122F-AF72-41EC-BD49-BAC31038AF2C}.Release|iPhone.Deploy.0 = Release|x86
		{BFE2122F-AF72-41EC-BD49-BAC31038AF2C}.Release|iPhoneSimulator.ActiveCfg = Release|x86
		{BFE2122F-AF72-41EC-BD49-BAC31038AF2C}.Release|iPhoneSimulator.Build.0 = Release|x86
		{BFE2122F-AF72-41EC-BD49-BAC31038AF2C}.Release|iPhoneSimulator.Deploy.0 = Release|x86
		{BFE2122F-AF72-41EC-BD49-BAC31038AF2C}.Release|x64.ActiveCfg = Release|x64
		{BFE2122F-AF72-41EC-BD49-BAC31038AF2C}.Release|x64.Build.0 = Release|x64
		{BFE2122F-AF72-41EC-BD49-BAC31038AF2C}.Release|x64.Deploy.0 = Release|x64
		{BFE2122F-AF72-41EC-BD49-BAC31038AF2C}.Release|x86.ActiveCfg = Release|x86
		{BFE2122F-AF72-41EC-BD49-BAC31038AF2C}.Release|x86.Build.0 = Release|x86
		{BFE2122F-AF72-41EC-BD49-BAC31038AF2C}.Release|x86.Deploy.0 = Release|x86
		{D56B6B0D-5B61-4DD7-AF9F-68C793D121E6}.Debug|Any CPU.ActiveCfg = Debug|Any CPU
		{D56B6B0D-5B61-4DD7-AF9F-68C793D121E6}.Debug|Any CPU.Build.0 = Debug|Any CPU
		{D56B6B0D-5B61-4DD7-AF9F-68C793D121E6}.Debug|Any CPU.Deploy.0 = Debug|Any CPU
		{D56B6B0D-5B61-4DD7-AF9F-68C793D121E6}.Debug|ARM.ActiveCfg = Debug|Any CPU
		{D56B6B0D-5B61-4DD7-AF9F-68C793D121E6}.Debug|ARM.Build.0 = Debug|Any CPU
		{D56B6B0D-5B61-4DD7-AF9F-68C793D121E6}.Debug|ARM.Deploy.0 = Debug|Any CPU
		{D56B6B0D-5B61-4DD7-AF9F-68C793D121E6}.Debug|iPhone.ActiveCfg = Debug|Any CPU
		{D56B6B0D-5B61-4DD7-AF9F-68C793D121E6}.Debug|iPhone.Build.0 = Debug|Any CPU
		{D56B6B0D-5B61-4DD7-AF9F-68C793D121E6}.Debug|iPhone.Deploy.0 = Debug|Any CPU
		{D56B6B0D-5B61-4DD7-AF9F-68C793D121E6}.Debug|iPhoneSimulator.ActiveCfg = Debug|Any CPU
		{D56B6B0D-5B61-4DD7-AF9F-68C793D121E6}.Debug|iPhoneSimulator.Build.0 = Debug|Any CPU
		{D56B6B0D-5B61-4DD7-AF9F-68C793D121E6}.Debug|iPhoneSimulator.Deploy.0 = Debug|Any CPU
		{D56B6B0D-5B61-4DD7-AF9F-68C793D121E6}.Debug|x64.ActiveCfg = Debug|Any CPU
		{D56B6B0D-5B61-4DD7-AF9F-68C793D121E6}.Debug|x64.Build.0 = Debug|Any CPU
		{D56B6B0D-5B61-4DD7-AF9F-68C793D121E6}.Debug|x64.Deploy.0 = Debug|Any CPU
		{D56B6B0D-5B61-4DD7-AF9F-68C793D121E6}.Debug|x86.ActiveCfg = Debug|Any CPU
		{D56B6B0D-5B61-4DD7-AF9F-68C793D121E6}.Debug|x86.Build.0 = Debug|Any CPU
		{D56B6B0D-5B61-4DD7-AF9F-68C793D121E6}.Debug|x86.Deploy.0 = Debug|Any CPU
		{D56B6B0D-5B61-4DD7-AF9F-68C793D121E6}.Release|Any CPU.ActiveCfg = Release|Any CPU
		{D56B6B0D-5B61-4DD7-AF9F-68C793D121E6}.Release|Any CPU.Build.0 = Release|Any CPU
		{D56B6B0D-5B61-4DD7-AF9F-68C793D121E6}.Release|Any CPU.Deploy.0 = Release|Any CPU
		{D56B6B0D-5B61-4DD7-AF9F-68C793D121E6}.Release|ARM.ActiveCfg = Release|Any CPU
		{D56B6B0D-5B61-4DD7-AF9F-68C793D121E6}.Release|ARM.Build.0 = Release|Any CPU
		{D56B6B0D-5B61-4DD7-AF9F-68C793D121E6}.Release|ARM.Deploy.0 = Release|Any CPU
		{D56B6B0D-5B61-4DD7-AF9F-68C793D121E6}.Release|iPhone.ActiveCfg = Release|Any CPU
		{D56B6B0D-5B61-4DD7-AF9F-68C793D121E6}.Release|iPhone.Build.0 = Release|Any CPU
		{D56B6B0D-5B61-4DD7-AF9F-68C793D121E6}.Release|iPhone.Deploy.0 = Release|Any CPU
		{D56B6B0D-5B61-4DD7-AF9F-68C793D121E6}.Release|iPhoneSimulator.ActiveCfg = Release|Any CPU
		{D56B6B0D-5B61-4DD7-AF9F-68C793D121E6}.Release|iPhoneSimulator.Build.0 = Release|Any CPU
		{D56B6B0D-5B61-4DD7-AF9F-68C793D121E6}.Release|iPhoneSimulator.Deploy.0 = Release|Any CPU
		{D56B6B0D-5B61-4DD7-AF9F-68C793D121E6}.Release|x64.ActiveCfg = Release|Any CPU
		{D56B6B0D-5B61-4DD7-AF9F-68C793D121E6}.Release|x64.Build.0 = Release|Any CPU
		{D56B6B0D-5B61-4DD7-AF9F-68C793D121E6}.Release|x64.Deploy.0 = Release|Any CPU
		{D56B6B0D-5B61-4DD7-AF9F-68C793D121E6}.Release|x86.ActiveCfg = Release|Any CPU
		{D56B6B0D-5B61-4DD7-AF9F-68C793D121E6}.Release|x86.Build.0 = Release|Any CPU
		{D56B6B0D-5B61-4DD7-AF9F-68C793D121E6}.Release|x86.Deploy.0 = Release|Any CPU
	EndGlobalSection
	GlobalSection(SolutionProperties) = preSolution
		HideSolutionNode = FALSE
	EndGlobalSection
	GlobalSection(ExtensibilityGlobals) = postSolution
		SolutionGuid = {370C005B-2BA2-4F4F-8625-C26AA565010F}
	EndGlobalSection
EndGlobal
